// !$*UTF8*$!
{
	archiveVersion = 1;
	classes = {
	};
	objectVersion = 50;
	objects = {

/* Begin PBXBuildFile section */
		BF0EE88F24AE106800522E77 /* Tests_iOS.swift in Sources */ = {isa = PBXBuildFile; fileRef = BF0EE88E24AE106800522E77 /* Tests_iOS.swift */; };
		BF0EE89A24AE106800522E77 /* Tests_macOS.swift in Sources */ = {isa = PBXBuildFile; fileRef = BF0EE89924AE106800522E77 /* Tests_macOS.swift */; };
		BF0EE89C24AE106800522E77 /* MyProfileApp.swift in Sources */ = {isa = PBXBuildFile; fileRef = BF0EE87324AE106600522E77 /* MyProfileApp.swift */; };
		BF0EE89D24AE106800522E77 /* MyProfileApp.swift in Sources */ = {isa = PBXBuildFile; fileRef = BF0EE87324AE106600522E77 /* MyProfileApp.swift */; };
		BF0EE8A024AE106800522E77 /* Assets.xcassets in Resources */ = {isa = PBXBuildFile; fileRef = BF0EE87524AE106800522E77 /* Assets.xcassets */; };
		BF0EE8A124AE106800522E77 /* Assets.xcassets in Resources */ = {isa = PBXBuildFile; fileRef = BF0EE87524AE106800522E77 /* Assets.xcassets */; };
		BF0EE8B224AE10BB00522E77 /* ProfileUsecase.swift in Sources */ = {isa = PBXBuildFile; fileRef = BF0EE8B124AE10BB00522E77 /* ProfileUsecase.swift */; };
		BF0EE8B924AE13D700522E77 /* ProfileUsecase.swift in Sources */ = {isa = PBXBuildFile; fileRef = BF0EE8B124AE10BB00522E77 /* ProfileUsecase.swift */; };
		BF0EE8CF24AE165800522E77 /* UnitTests_iOS.swift in Sources */ = {isa = PBXBuildFile; fileRef = BF0EE8CE24AE165800522E77 /* UnitTests_iOS.swift */; };
		BF0EE8D824AE2F5F00522E77 /* SummaryView.swift in Sources */ = {isa = PBXBuildFile; fileRef = BF0EE8D724AE2F5F00522E77 /* SummaryView.swift */; };
		BF0EE8DA24AE32E900522E77 /* SummaryCell.swift in Sources */ = {isa = PBXBuildFile; fileRef = BF0EE8D924AE32E800522E77 /* SummaryCell.swift */; };
		BF0EE8DC24AE507600522E77 /* NameSetupView.swift in Sources */ = {isa = PBXBuildFile; fileRef = BF0EE8DB24AE507600522E77 /* NameSetupView.swift */; };
		BF29D91E24AE56D600E69A1B /* BirthdaySetupView.swift in Sources */ = {isa = PBXBuildFile; fileRef = BF29D91D24AE56D600E69A1B /* BirthdaySetupView.swift */; };
		BF29D91F24AE683A00E69A1B /* SummaryCell.swift in Sources */ = {isa = PBXBuildFile; fileRef = BF0EE8D924AE32E800522E77 /* SummaryCell.swift */; };
		BF29D92024AE683A00E69A1B /* SummaryView.swift in Sources */ = {isa = PBXBuildFile; fileRef = BF0EE8D724AE2F5F00522E77 /* SummaryView.swift */; };
		BF29D92124AE683A00E69A1B /* NameSetupView.swift in Sources */ = {isa = PBXBuildFile; fileRef = BF0EE8DB24AE507600522E77 /* NameSetupView.swift */; };
		BF29D92224AE683A00E69A1B /* BirthdaySetupView.swift in Sources */ = {isa = PBXBuildFile; fileRef = BF29D91D24AE56D600E69A1B /* BirthdaySetupView.swift */; };
		BF29D93924AE696400E69A1B /* UnitTests_macOS.swift in Sources */ = {isa = PBXBuildFile; fileRef = BF29D93824AE696400E69A1B /* UnitTests_macOS.swift */; };
		BF29D94424AE69D200E69A1B /* ProfileUsecaseTests.swift in Sources */ = {isa = PBXBuildFile; fileRef = BF29D94224AE69B200E69A1B /* ProfileUsecaseTests.swift */; };
		BF29D94524AE69D200E69A1B /* ProfileUsecaseTests.swift in Sources */ = {isa = PBXBuildFile; fileRef = BF29D94224AE69B200E69A1B /* ProfileUsecaseTests.swift */; };
/* End PBXBuildFile section */

/* Begin PBXContainerItemProxy section */
		BF0EE88B24AE106800522E77 /* PBXContainerItemProxy */ = {
			isa = PBXContainerItemProxy;
			containerPortal = BF0EE86E24AE106600522E77 /* Project object */;
			proxyType = 1;
			remoteGlobalIDString = BF0EE87924AE106800522E77;
			remoteInfo = iOS;
		};
		BF0EE89624AE106800522E77 /* PBXContainerItemProxy */ = {
			isa = PBXContainerItemProxy;
			containerPortal = BF0EE86E24AE106600522E77 /* Project object */;
			proxyType = 1;
			remoteGlobalIDString = BF0EE88124AE106800522E77;
			remoteInfo = macOS;
		};
		BF0EE8D124AE165800522E77 /* PBXContainerItemProxy */ = {
			isa = PBXContainerItemProxy;
			containerPortal = BF0EE86E24AE106600522E77 /* Project object */;
			proxyType = 1;
			remoteGlobalIDString = BF0EE87924AE106800522E77;
			remoteInfo = iOS;
		};
		BF29D93B24AE696400E69A1B /* PBXContainerItemProxy */ = {
			isa = PBXContainerItemProxy;
			containerPortal = BF0EE86E24AE106600522E77 /* Project object */;
			proxyType = 1;
			remoteGlobalIDString = BF0EE88124AE106800522E77;
			remoteInfo = macOS;
		};
/* End PBXContainerItemProxy section */

/* Begin PBXFileReference section */
		BF0EE87324AE106600522E77 /* MyProfileApp.swift */ = {isa = PBXFileReference; lastKnownFileType = sourcecode.swift; path = MyProfileApp.swift; sourceTree = "<group>"; };
		BF0EE87524AE106800522E77 /* Assets.xcassets */ = {isa = PBXFileReference; lastKnownFileType = folder.assetcatalog; path = Assets.xcassets; sourceTree = "<group>"; };
		BF0EE87A24AE106800522E77 /* MyProfile.app */ = {isa = PBXFileReference; explicitFileType = wrapper.application; includeInIndex = 0; path = MyProfile.app; sourceTree = BUILT_PRODUCTS_DIR; };
		BF0EE87D24AE106800522E77 /* Info.plist */ = {isa = PBXFileReference; lastKnownFileType = text.plist.xml; path = Info.plist; sourceTree = "<group>"; };
		BF0EE88224AE106800522E77 /* MyProfile.app */ = {isa = PBXFileReference; explicitFileType = wrapper.application; includeInIndex = 0; path = MyProfile.app; sourceTree = BUILT_PRODUCTS_DIR; };
		BF0EE88424AE106800522E77 /* Info.plist */ = {isa = PBXFileReference; lastKnownFileType = text.plist.xml; path = Info.plist; sourceTree = "<group>"; };
		BF0EE88524AE106800522E77 /* macOS.entitlements */ = {isa = PBXFileReference; lastKnownFileType = text.plist.entitlements; path = macOS.entitlements; sourceTree = "<group>"; };
		BF0EE88A24AE106800522E77 /* Tests iOS.xctest */ = {isa = PBXFileReference; explicitFileType = wrapper.cfbundle; includeInIndex = 0; path = "Tests iOS.xctest"; sourceTree = BUILT_PRODUCTS_DIR; };
		BF0EE88E24AE106800522E77 /* Tests_iOS.swift */ = {isa = PBXFileReference; lastKnownFileType = sourcecode.swift; path = Tests_iOS.swift; sourceTree = "<group>"; };
		BF0EE89024AE106800522E77 /* Info.plist */ = {isa = PBXFileReference; lastKnownFileType = text.plist.xml; path = Info.plist; sourceTree = "<group>"; };
		BF0EE89524AE106800522E77 /* Tests macOS.xctest */ = {isa = PBXFileReference; explicitFileType = wrapper.cfbundle; includeInIndex = 0; path = "Tests macOS.xctest"; sourceTree = BUILT_PRODUCTS_DIR; };
		BF0EE89924AE106800522E77 /* Tests_macOS.swift */ = {isa = PBXFileReference; lastKnownFileType = sourcecode.swift; path = Tests_macOS.swift; sourceTree = "<group>"; };
		BF0EE89B24AE106800522E77 /* Info.plist */ = {isa = PBXFileReference; lastKnownFileType = text.plist.xml; path = Info.plist; sourceTree = "<group>"; };
		BF0EE8B124AE10BB00522E77 /* ProfileUsecase.swift */ = {isa = PBXFileReference; lastKnownFileType = sourcecode.swift; path = ProfileUsecase.swift; sourceTree = "<group>"; };
		BF0EE8CC24AE165800522E77 /* UnitTests iOS.xctest */ = {isa = PBXFileReference; explicitFileType = wrapper.cfbundle; includeInIndex = 0; path = "UnitTests iOS.xctest"; sourceTree = BUILT_PRODUCTS_DIR; };
		BF0EE8CE24AE165800522E77 /* UnitTests_iOS.swift */ = {isa = PBXFileReference; lastKnownFileType = sourcecode.swift; path = UnitTests_iOS.swift; sourceTree = "<group>"; };
		BF0EE8D024AE165800522E77 /* Info.plist */ = {isa = PBXFileReference; lastKnownFileType = text.plist.xml; path = Info.plist; sourceTree = "<group>"; };
		BF0EE8D724AE2F5F00522E77 /* SummaryView.swift */ = {isa = PBXFileReference; lastKnownFileType = sourcecode.swift; path = SummaryView.swift; sourceTree = "<group>"; };
		BF0EE8D924AE32E800522E77 /* SummaryCell.swift */ = {isa = PBXFileReference; lastKnownFileType = sourcecode.swift; path = SummaryCell.swift; sourceTree = "<group>"; };
		BF0EE8DB24AE507600522E77 /* NameSetupView.swift */ = {isa = PBXFileReference; lastKnownFileType = sourcecode.swift; path = NameSetupView.swift; sourceTree = "<group>"; };
		BF29D91D24AE56D600E69A1B /* BirthdaySetupView.swift */ = {isa = PBXFileReference; lastKnownFileType = sourcecode.swift; path = BirthdaySetupView.swift; sourceTree = "<group>"; };
		BF29D93624AE696400E69A1B /* UnitTests macOS.xctest */ = {isa = PBXFileReference; explicitFileType = wrapper.cfbundle; includeInIndex = 0; path = "UnitTests macOS.xctest"; sourceTree = BUILT_PRODUCTS_DIR; };
		BF29D93824AE696400E69A1B /* UnitTests_macOS.swift */ = {isa = PBXFileReference; lastKnownFileType = sourcecode.swift; path = UnitTests_macOS.swift; sourceTree = "<group>"; };
		BF29D93A24AE696400E69A1B /* Info.plist */ = {isa = PBXFileReference; lastKnownFileType = text.plist.xml; path = Info.plist; sourceTree = "<group>"; };
		BF29D94224AE69B200E69A1B /* ProfileUsecaseTests.swift */ = {isa = PBXFileReference; lastKnownFileType = sourcecode.swift; path = ProfileUsecaseTests.swift; sourceTree = "<group>"; };
/* End PBXFileReference section */

/* Begin PBXFrameworksBuildPhase section */
		BF0EE87724AE106800522E77 /* Frameworks */ = {
			isa = PBXFrameworksBuildPhase;
			buildActionMask = 2147483647;
			files = (
			);
			runOnlyForDeploymentPostprocessing = 0;
		};
		BF0EE87F24AE106800522E77 /* Frameworks */ = {
			isa = PBXFrameworksBuildPhase;
			buildActionMask = 2147483647;
			files = (
			);
			runOnlyForDeploymentPostprocessing = 0;
		};
		BF0EE88724AE106800522E77 /* Frameworks */ = {
			isa = PBXFrameworksBuildPhase;
			buildActionMask = 2147483647;
			files = (
			);
			runOnlyForDeploymentPostprocessing = 0;
		};
		BF0EE89224AE106800522E77 /* Frameworks */ = {
			isa = PBXFrameworksBuildPhase;
			buildActionMask = 2147483647;
			files = (
			);
			runOnlyForDeploymentPostprocessing = 0;
		};
		BF0EE8C924AE165800522E77 /* Frameworks */ = {
			isa = PBXFrameworksBuildPhase;
			buildActionMask = 2147483647;
			files = (
			);
			runOnlyForDeploymentPostprocessing = 0;
		};
		BF29D93324AE696400E69A1B /* Frameworks */ = {
			isa = PBXFrameworksBuildPhase;
			buildActionMask = 2147483647;
			files = (
			);
			runOnlyForDeploymentPostprocessing = 0;
		};
/* End PBXFrameworksBuildPhase section */

/* Begin PBXGroup section */
		BF0EE86D24AE106600522E77 = {
			isa = PBXGroup;
			children = (
				BF0EE87224AE106600522E77 /* Shared */,
				BF0EE87C24AE106800522E77 /* iOS */,
				BF0EE88324AE106800522E77 /* macOS */,
				BF0EE88D24AE106800522E77 /* Tests iOS */,
				BF0EE89824AE106800522E77 /* Tests macOS */,
				BF29D94124AE699800E69A1B /* UnitTests Shared */,
				BF0EE8CD24AE165800522E77 /* UnitTests iOS */,
				BF29D93724AE696400E69A1B /* UnitTests macOS */,
				BF0EE87B24AE106800522E77 /* Products */,
			);
			sourceTree = "<group>";
		};
		BF0EE87224AE106600522E77 /* Shared */ = {
			isa = PBXGroup;
			children = (
				BF0EE87324AE106600522E77 /* MyProfileApp.swift */,
				BF0EE8D624AE2F4E00522E77 /* UI */,
				BF0EE8B024AE10AC00522E77 /* Domain */,
				BF0EE87524AE106800522E77 /* Assets.xcassets */,
			);
			path = Shared;
			sourceTree = "<group>";
		};
		BF0EE87B24AE106800522E77 /* Products */ = {
			isa = PBXGroup;
			children = (
				BF0EE87A24AE106800522E77 /* MyProfile.app */,
				BF0EE88224AE106800522E77 /* MyProfile.app */,
				BF0EE88A24AE106800522E77 /* Tests iOS.xctest */,
				BF0EE89524AE106800522E77 /* Tests macOS.xctest */,
				BF0EE8CC24AE165800522E77 /* UnitTests iOS.xctest */,
				BF29D93624AE696400E69A1B /* UnitTests macOS.xctest */,
			);
			name = Products;
			sourceTree = "<group>";
		};
		BF0EE87C24AE106800522E77 /* iOS */ = {
			isa = PBXGroup;
			children = (
				BF0EE87D24AE106800522E77 /* Info.plist */,
			);
			path = iOS;
			sourceTree = "<group>";
		};
		BF0EE88324AE106800522E77 /* macOS */ = {
			isa = PBXGroup;
			children = (
				BF0EE88424AE106800522E77 /* Info.plist */,
				BF0EE88524AE106800522E77 /* macOS.entitlements */,
			);
			path = macOS;
			sourceTree = "<group>";
		};
		BF0EE88D24AE106800522E77 /* Tests iOS */ = {
			isa = PBXGroup;
			children = (
				BF0EE88E24AE106800522E77 /* Tests_iOS.swift */,
				BF0EE89024AE106800522E77 /* Info.plist */,
			);
			path = "Tests iOS";
			sourceTree = "<group>";
		};
		BF0EE89824AE106800522E77 /* Tests macOS */ = {
			isa = PBXGroup;
			children = (
				BF0EE89924AE106800522E77 /* Tests_macOS.swift */,
				BF0EE89B24AE106800522E77 /* Info.plist */,
			);
			path = "Tests macOS";
			sourceTree = "<group>";
		};
		BF0EE8B024AE10AC00522E77 /* Domain */ = {
			isa = PBXGroup;
			children = (
				BF0EE8B124AE10BB00522E77 /* ProfileUsecase.swift */,
			);
			path = Domain;
			sourceTree = "<group>";
		};
		BF0EE8CD24AE165800522E77 /* UnitTests iOS */ = {
			isa = PBXGroup;
			children = (
				BF0EE8CE24AE165800522E77 /* UnitTests_iOS.swift */,
				BF0EE8D024AE165800522E77 /* Info.plist */,
			);
			path = "UnitTests iOS";
			sourceTree = "<group>";
		};
		BF0EE8D624AE2F4E00522E77 /* UI */ = {
			isa = PBXGroup;
			children = (
				BF0EE8D724AE2F5F00522E77 /* SummaryView.swift */,
				BF0EE8D924AE32E800522E77 /* SummaryCell.swift */,
				BF0EE8DB24AE507600522E77 /* NameSetupView.swift */,
				BF29D91D24AE56D600E69A1B /* BirthdaySetupView.swift */,
			);
			path = UI;
			sourceTree = "<group>";
		};
		BF29D93724AE696400E69A1B /* UnitTests macOS */ = {
			isa = PBXGroup;
			children = (
				BF29D93824AE696400E69A1B /* UnitTests_macOS.swift */,
				BF29D93A24AE696400E69A1B /* Info.plist */,
			);
			path = "UnitTests macOS";
			sourceTree = "<group>";
		};
		BF29D94124AE699800E69A1B /* UnitTests Shared */ = {
			isa = PBXGroup;
			children = (
				BF29D94224AE69B200E69A1B /* ProfileUsecaseTests.swift */,
			);
			path = "UnitTests Shared";
			sourceTree = "<group>";
		};
/* End PBXGroup section */

/* Begin PBXNativeTarget section */
		BF0EE87924AE106800522E77 /* iOS */ = {
			isa = PBXNativeTarget;
			buildConfigurationList = BF0EE8A424AE106800522E77 /* Build configuration list for PBXNativeTarget "iOS" */;
			buildPhases = (
				BF0EE87624AE106800522E77 /* Sources */,
				BF0EE87724AE106800522E77 /* Frameworks */,
				BF0EE87824AE106800522E77 /* Resources */,
			);
			buildRules = (
			);
			dependencies = (
			);
			name = iOS;
			productName = iOS;
			productReference = BF0EE87A24AE106800522E77 /* MyProfile.app */;
			productType = "com.apple.product-type.application";
		};
		BF0EE88124AE106800522E77 /* macOS */ = {
			isa = PBXNativeTarget;
			buildConfigurationList = BF0EE8A724AE106800522E77 /* Build configuration list for PBXNativeTarget "macOS" */;
			buildPhases = (
				BF0EE87E24AE106800522E77 /* Sources */,
				BF0EE87F24AE106800522E77 /* Frameworks */,
				BF0EE88024AE106800522E77 /* Resources */,
			);
			buildRules = (
			);
			dependencies = (
			);
			name = macOS;
			productName = macOS;
			productReference = BF0EE88224AE106800522E77 /* MyProfile.app */;
			productType = "com.apple.product-type.application";
		};
		BF0EE88924AE106800522E77 /* Tests iOS */ = {
			isa = PBXNativeTarget;
			buildConfigurationList = BF0EE8AA24AE106800522E77 /* Build configuration list for PBXNativeTarget "Tests iOS" */;
			buildPhases = (
				BF0EE88624AE106800522E77 /* Sources */,
				BF0EE88724AE106800522E77 /* Frameworks */,
				BF0EE88824AE106800522E77 /* Resources */,
			);
			buildRules = (
			);
			dependencies = (
				BF0EE88C24AE106800522E77 /* PBXTargetDependency */,
			);
			name = "Tests iOS";
			productName = "Tests iOS";
			productReference = BF0EE88A24AE106800522E77 /* Tests iOS.xctest */;
			productType = "com.apple.product-type.bundle.ui-testing";
		};
		BF0EE89424AE106800522E77 /* Tests macOS */ = {
			isa = PBXNativeTarget;
			buildConfigurationList = BF0EE8AD24AE106800522E77 /* Build configuration list for PBXNativeTarget "Tests macOS" */;
			buildPhases = (
				BF0EE89124AE106800522E77 /* Sources */,
				BF0EE89224AE106800522E77 /* Frameworks */,
				BF0EE89324AE106800522E77 /* Resources */,
			);
			buildRules = (
			);
			dependencies = (
				BF0EE89724AE106800522E77 /* PBXTargetDependency */,
			);
			name = "Tests macOS";
			productName = "Tests macOS";
			productReference = BF0EE89524AE106800522E77 /* Tests macOS.xctest */;
			productType = "com.apple.product-type.bundle.ui-testing";
		};
		BF0EE8CB24AE165800522E77 /* UnitTests iOS */ = {
			isa = PBXNativeTarget;
			buildConfigurationList = BF0EE8D324AE165800522E77 /* Build configuration list for PBXNativeTarget "UnitTests iOS" */;
			buildPhases = (
				BF0EE8C824AE165800522E77 /* Sources */,
				BF0EE8C924AE165800522E77 /* Frameworks */,
				BF0EE8CA24AE165800522E77 /* Resources */,
			);
			buildRules = (
			);
			dependencies = (
				BF0EE8D224AE165800522E77 /* PBXTargetDependency */,
			);
			name = "UnitTests iOS";
			productName = "UnitTests iOS";
			productReference = BF0EE8CC24AE165800522E77 /* UnitTests iOS.xctest */;
			productType = "com.apple.product-type.bundle.unit-test";
		};
		BF29D93524AE696400E69A1B /* UnitTests macOS */ = {
			isa = PBXNativeTarget;
			buildConfigurationList = BF29D93F24AE696400E69A1B /* Build configuration list for PBXNativeTarget "UnitTests macOS" */;
			buildPhases = (
				BF29D93224AE696400E69A1B /* Sources */,
				BF29D93324AE696400E69A1B /* Frameworks */,
				BF29D93424AE696400E69A1B /* Resources */,
			);
			buildRules = (
			);
			dependencies = (
				BF29D93C24AE696400E69A1B /* PBXTargetDependency */,
			);
			name = "UnitTests macOS";
			productName = "UnitTests macOS";
			productReference = BF29D93624AE696400E69A1B /* UnitTests macOS.xctest */;
			productType = "com.apple.product-type.bundle.unit-test";
		};
/* End PBXNativeTarget section */

/* Begin PBXProject section */
		BF0EE86E24AE106600522E77 /* Project object */ = {
			isa = PBXProject;
			attributes = {
				LastSwiftUpdateCheck = 1200;
				LastUpgradeCheck = 1200;
				TargetAttributes = {
					BF0EE87924AE106800522E77 = {
						CreatedOnToolsVersion = 12.0;
					};
					BF0EE88124AE106800522E77 = {
						CreatedOnToolsVersion = 12.0;
					};
					BF0EE88924AE106800522E77 = {
						CreatedOnToolsVersion = 12.0;
						TestTargetID = BF0EE87924AE106800522E77;
					};
					BF0EE89424AE106800522E77 = {
						CreatedOnToolsVersion = 12.0;
						TestTargetID = BF0EE88124AE106800522E77;
					};
					BF0EE8CB24AE165800522E77 = {
						CreatedOnToolsVersion = 12.0;
						TestTargetID = BF0EE87924AE106800522E77;
					};
					BF29D93524AE696400E69A1B = {
						CreatedOnToolsVersion = 12.0;
						TestTargetID = BF0EE88124AE106800522E77;
					};
				};
			};
			buildConfigurationList = BF0EE87124AE106600522E77 /* Build configuration list for PBXProject "MyProfile" */;
			compatibilityVersion = "Xcode 9.3";
			developmentRegion = en;
			hasScannedForEncodings = 0;
			knownRegions = (
				en,
				Base,
			);
			mainGroup = BF0EE86D24AE106600522E77;
			productRefGroup = BF0EE87B24AE106800522E77 /* Products */;
			projectDirPath = "";
			projectRoot = "";
			targets = (
				BF0EE87924AE106800522E77 /* iOS */,
				BF0EE88124AE106800522E77 /* macOS */,
				BF0EE88924AE106800522E77 /* Tests iOS */,
				BF0EE89424AE106800522E77 /* Tests macOS */,
				BF0EE8CB24AE165800522E77 /* UnitTests iOS */,
				BF29D93524AE696400E69A1B /* UnitTests macOS */,
			);
		};
/* End PBXProject section */

/* Begin PBXResourcesBuildPhase section */
		BF0EE87824AE106800522E77 /* Resources */ = {
			isa = PBXResourcesBuildPhase;
			buildActionMask = 2147483647;
			files = (
				BF0EE8A024AE106800522E77 /* Assets.xcassets in Resources */,
			);
			runOnlyForDeploymentPostprocessing = 0;
		};
		BF0EE88024AE106800522E77 /* Resources */ = {
			isa = PBXResourcesBuildPhase;
			buildActionMask = 2147483647;
			files = (
				BF0EE8A124AE106800522E77 /* Assets.xcassets in Resources */,
			);
			runOnlyForDeploymentPostprocessing = 0;
		};
		BF0EE88824AE106800522E77 /* Resources */ = {
			isa = PBXResourcesBuildPhase;
			buildActionMask = 2147483647;
			files = (
			);
			runOnlyForDeploymentPostprocessing = 0;
		};
		BF0EE89324AE106800522E77 /* Resources */ = {
			isa = PBXResourcesBuildPhase;
			buildActionMask = 2147483647;
			files = (
			);
			runOnlyForDeploymentPostprocessing = 0;
		};
		BF0EE8CA24AE165800522E77 /* Resources */ = {
			isa = PBXResourcesBuildPhase;
			buildActionMask = 2147483647;
			files = (
			);
			runOnlyForDeploymentPostprocessing = 0;
		};
		BF29D93424AE696400E69A1B /* Resources */ = {
			isa = PBXResourcesBuildPhase;
			buildActionMask = 2147483647;
			files = (
			);
			runOnlyForDeploymentPostprocessing = 0;
		};
/* End PBXResourcesBuildPhase section */

/* Begin PBXSourcesBuildPhase section */
		BF0EE87624AE106800522E77 /* Sources */ = {
			isa = PBXSourcesBuildPhase;
			buildActionMask = 2147483647;
			files = (
				BF0EE8D824AE2F5F00522E77 /* SummaryView.swift in Sources */,
				BF0EE89C24AE106800522E77 /* MyProfileApp.swift in Sources */,
				BF0EE8DC24AE507600522E77 /* NameSetupView.swift in Sources */,
				BF0EE8B224AE10BB00522E77 /* ProfileUsecase.swift in Sources */,
				BF0EE8DA24AE32E900522E77 /* SummaryCell.swift in Sources */,
				BF29D91E24AE56D600E69A1B /* BirthdaySetupView.swift in Sources */,
			);
			runOnlyForDeploymentPostprocessing = 0;
		};
		BF0EE87E24AE106800522E77 /* Sources */ = {
			isa = PBXSourcesBuildPhase;
			buildActionMask = 2147483647;
			files = (
				BF0EE89D24AE106800522E77 /* MyProfileApp.swift in Sources */,
				BF29D92024AE683A00E69A1B /* SummaryView.swift in Sources */,
				BF29D92124AE683A00E69A1B /* NameSetupView.swift in Sources */,
				BF29D91F24AE683A00E69A1B /* SummaryCell.swift in Sources */,
				BF0EE8B924AE13D700522E77 /* ProfileUsecase.swift in Sources */,
				BF29D92224AE683A00E69A1B /* BirthdaySetupView.swift in Sources */,
			);
			runOnlyForDeploymentPostprocessing = 0;
		};
		BF0EE88624AE106800522E77 /* Sources */ = {
			isa = PBXSourcesBuildPhase;
			buildActionMask = 2147483647;
			files = (
				BF0EE88F24AE106800522E77 /* Tests_iOS.swift in Sources */,
			);
			runOnlyForDeploymentPostprocessing = 0;
		};
		BF0EE89124AE106800522E77 /* Sources */ = {
			isa = PBXSourcesBuildPhase;
			buildActionMask = 2147483647;
			files = (
				BF0EE89A24AE106800522E77 /* Tests_macOS.swift in Sources */,
			);
			runOnlyForDeploymentPostprocessing = 0;
		};
		BF0EE8C824AE165800522E77 /* Sources */ = {
			isa = PBXSourcesBuildPhase;
			buildActionMask = 2147483647;
			files = (
				BF0EE8CF24AE165800522E77 /* UnitTests_iOS.swift in Sources */,
				BF29D94424AE69D200E69A1B /* ProfileUsecaseTests.swift in Sources */,
			);
			runOnlyForDeploymentPostprocessing = 0;
		};
		BF29D93224AE696400E69A1B /* Sources */ = {
			isa = PBXSourcesBuildPhase;
			buildActionMask = 2147483647;
			files = (
				BF29D93924AE696400E69A1B /* UnitTests_macOS.swift in Sources */,
				BF29D94524AE69D200E69A1B /* ProfileUsecaseTests.swift in Sources */,
			);
			runOnlyForDeploymentPostprocessing = 0;
		};
/* End PBXSourcesBuildPhase section */

/* Begin PBXTargetDependency section */
		BF0EE88C24AE106800522E77 /* PBXTargetDependency */ = {
			isa = PBXTargetDependency;
			target = BF0EE87924AE106800522E77 /* iOS */;
			targetProxy = BF0EE88B24AE106800522E77 /* PBXContainerItemProxy */;
		};
		BF0EE89724AE106800522E77 /* PBXTargetDependency */ = {
			isa = PBXTargetDependency;
			target = BF0EE88124AE106800522E77 /* macOS */;
			targetProxy = BF0EE89624AE106800522E77 /* PBXContainerItemProxy */;
		};
		BF0EE8D224AE165800522E77 /* PBXTargetDependency */ = {
			isa = PBXTargetDependency;
			target = BF0EE87924AE106800522E77 /* iOS */;
			targetProxy = BF0EE8D124AE165800522E77 /* PBXContainerItemProxy */;
		};
		BF29D93C24AE696400E69A1B /* PBXTargetDependency */ = {
			isa = PBXTargetDependency;
			target = BF0EE88124AE106800522E77 /* macOS */;
			targetProxy = BF29D93B24AE696400E69A1B /* PBXContainerItemProxy */;
		};
/* End PBXTargetDependency section */

/* Begin XCBuildConfiguration section */
		BF0EE8A224AE106800522E77 /* Debug */ = {
			isa = XCBuildConfiguration;
			buildSettings = {
				ALWAYS_SEARCH_USER_PATHS = NO;
				CLANG_ANALYZER_NONNULL = YES;
				CLANG_ANALYZER_NUMBER_OBJECT_CONVERSION = YES_AGGRESSIVE;
				CLANG_CXX_LANGUAGE_STANDARD = "gnu++14";
				CLANG_CXX_LIBRARY = "libc++";
				CLANG_ENABLE_MODULES = YES;
				CLANG_ENABLE_OBJC_ARC = YES;
				CLANG_ENABLE_OBJC_WEAK = YES;
				CLANG_WARN_BLOCK_CAPTURE_AUTORELEASING = YES;
				CLANG_WARN_BOOL_CONVERSION = YES;
				CLANG_WARN_COMMA = YES;
				CLANG_WARN_CONSTANT_CONVERSION = YES;
				CLANG_WARN_DEPRECATED_OBJC_IMPLEMENTATIONS = YES;
				CLANG_WARN_DIRECT_OBJC_ISA_USAGE = YES_ERROR;
				CLANG_WARN_DOCUMENTATION_COMMENTS = YES;
				CLANG_WARN_EMPTY_BODY = YES;
				CLANG_WARN_ENUM_CONVERSION = YES;
				CLANG_WARN_INFINITE_RECURSION = YES;
				CLANG_WARN_INT_CONVERSION = YES;
				CLANG_WARN_NON_LITERAL_NULL_CONVERSION = YES;
				CLANG_WARN_OBJC_IMPLICIT_RETAIN_SELF = YES;
				CLANG_WARN_OBJC_LITERAL_CONVERSION = YES;
				CLANG_WARN_OBJC_ROOT_CLASS = YES_ERROR;
				CLANG_WARN_QUOTED_INCLUDE_IN_FRAMEWORK_HEADER = YES;
				CLANG_WARN_RANGE_LOOP_ANALYSIS = YES;
				CLANG_WARN_STRICT_PROTOTYPES = YES;
				CLANG_WARN_SUSPICIOUS_MOVE = YES;
				CLANG_WARN_UNGUARDED_AVAILABILITY = YES_AGGRESSIVE;
				CLANG_WARN_UNREACHABLE_CODE = YES;
				CLANG_WARN__DUPLICATE_METHOD_MATCH = YES;
				COPY_PHASE_STRIP = NO;
				DEBUG_INFORMATION_FORMAT = dwarf;
				ENABLE_STRICT_OBJC_MSGSEND = YES;
				ENABLE_TESTABILITY = YES;
				GCC_C_LANGUAGE_STANDARD = gnu11;
				GCC_DYNAMIC_NO_PIC = NO;
				GCC_NO_COMMON_BLOCKS = YES;
				GCC_OPTIMIZATION_LEVEL = 0;
				GCC_PREPROCESSOR_DEFINITIONS = (
					"DEBUG=1",
					"$(inherited)",
				);
				GCC_WARN_64_TO_32_BIT_CONVERSION = YES;
				GCC_WARN_ABOUT_RETURN_TYPE = YES_ERROR;
				GCC_WARN_UNDECLARED_SELECTOR = YES;
				GCC_WARN_UNINITIALIZED_AUTOS = YES_AGGRESSIVE;
				GCC_WARN_UNUSED_FUNCTION = YES;
				GCC_WARN_UNUSED_VARIABLE = YES;
				MTL_ENABLE_DEBUG_INFO = INCLUDE_SOURCE;
				MTL_FAST_MATH = YES;
				ONLY_ACTIVE_ARCH = YES;
				SWIFT_ACTIVE_COMPILATION_CONDITIONS = DEBUG;
				SWIFT_OPTIMIZATION_LEVEL = "-Onone";
			};
			name = Debug;
		};
		BF0EE8A324AE106800522E77 /* Release */ = {
			isa = XCBuildConfiguration;
			buildSettings = {
				ALWAYS_SEARCH_USER_PATHS = NO;
				CLANG_ANALYZER_NONNULL = YES;
				CLANG_ANALYZER_NUMBER_OBJECT_CONVERSION = YES_AGGRESSIVE;
				CLANG_CXX_LANGUAGE_STANDARD = "gnu++14";
				CLANG_CXX_LIBRARY = "libc++";
				CLANG_ENABLE_MODULES = YES;
				CLANG_ENABLE_OBJC_ARC = YES;
				CLANG_ENABLE_OBJC_WEAK = YES;
				CLANG_WARN_BLOCK_CAPTURE_AUTORELEASING = YES;
				CLANG_WARN_BOOL_CONVERSION = YES;
				CLANG_WARN_COMMA = YES;
				CLANG_WARN_CONSTANT_CONVERSION = YES;
				CLANG_WARN_DEPRECATED_OBJC_IMPLEMENTATIONS = YES;
				CLANG_WARN_DIRECT_OBJC_ISA_USAGE = YES_ERROR;
				CLANG_WARN_DOCUMENTATION_COMMENTS = YES;
				CLANG_WARN_EMPTY_BODY = YES;
				CLANG_WARN_ENUM_CONVERSION = YES;
				CLANG_WARN_INFINITE_RECURSION = YES;
				CLANG_WARN_INT_CONVERSION = YES;
				CLANG_WARN_NON_LITERAL_NULL_CONVERSION = YES;
				CLANG_WARN_OBJC_IMPLICIT_RETAIN_SELF = YES;
				CLANG_WARN_OBJC_LITERAL_CONVERSION = YES;
				CLANG_WARN_OBJC_ROOT_CLASS = YES_ERROR;
				CLANG_WARN_QUOTED_INCLUDE_IN_FRAMEWORK_HEADER = YES;
				CLANG_WARN_RANGE_LOOP_ANALYSIS = YES;
				CLANG_WARN_STRICT_PROTOTYPES = YES;
				CLANG_WARN_SUSPICIOUS_MOVE = YES;
				CLANG_WARN_UNGUARDED_AVAILABILITY = YES_AGGRESSIVE;
				CLANG_WARN_UNREACHABLE_CODE = YES;
				CLANG_WARN__DUPLICATE_METHOD_MATCH = YES;
				COPY_PHASE_STRIP = NO;
				DEBUG_INFORMATION_FORMAT = "dwarf-with-dsym";
				ENABLE_NS_ASSERTIONS = NO;
				ENABLE_STRICT_OBJC_MSGSEND = YES;
				GCC_C_LANGUAGE_STANDARD = gnu11;
				GCC_NO_COMMON_BLOCKS = YES;
				GCC_WARN_64_TO_32_BIT_CONVERSION = YES;
				GCC_WARN_ABOUT_RETURN_TYPE = YES_ERROR;
				GCC_WARN_UNDECLARED_SELECTOR = YES;
				GCC_WARN_UNINITIALIZED_AUTOS = YES_AGGRESSIVE;
				GCC_WARN_UNUSED_FUNCTION = YES;
				GCC_WARN_UNUSED_VARIABLE = YES;
				MTL_ENABLE_DEBUG_INFO = NO;
				MTL_FAST_MATH = YES;
				SWIFT_COMPILATION_MODE = wholemodule;
				SWIFT_OPTIMIZATION_LEVEL = "-O";
			};
			name = Release;
		};
		BF0EE8A524AE106800522E77 /* Debug */ = {
			isa = XCBuildConfiguration;
			buildSettings = {
				ASSETCATALOG_COMPILER_APPICON_NAME = AppIcon;
				ASSETCATALOG_COMPILER_GLOBAL_ACCENT_COLOR_NAME = AccentColor;
				CODE_SIGN_STYLE = Automatic;
				DEVELOPMENT_TEAM = KC8N9BMQJY;
				ENABLE_PREVIEWS = YES;
				INFOPLIST_FILE = iOS/Info.plist;
				IPHONEOS_DEPLOYMENT_TARGET = 14.0;
				LD_RUNPATH_SEARCH_PATHS = (
					"$(inherited)",
					"@executable_path/Frameworks",
				);
				PRODUCT_BUNDLE_IDENTIFIER = net.crazism.MyProfile;
				PRODUCT_NAME = MyProfile;
				SDKROOT = iphoneos;
				SWIFT_VERSION = 5.0;
				TARGETED_DEVICE_FAMILY = "1,2";
			};
			name = Debug;
		};
		BF0EE8A624AE106800522E77 /* Release */ = {
			isa = XCBuildConfiguration;
			buildSettings = {
				ASSETCATALOG_COMPILER_APPICON_NAME = AppIcon;
				ASSETCATALOG_COMPILER_GLOBAL_ACCENT_COLOR_NAME = AccentColor;
				CODE_SIGN_STYLE = Automatic;
				DEVELOPMENT_TEAM = KC8N9BMQJY;
				ENABLE_PREVIEWS = YES;
				INFOPLIST_FILE = iOS/Info.plist;
				IPHONEOS_DEPLOYMENT_TARGET = 14.0;
				LD_RUNPATH_SEARCH_PATHS = (
					"$(inherited)",
					"@executable_path/Frameworks",
				);
				PRODUCT_BUNDLE_IDENTIFIER = net.crazism.MyProfile;
				PRODUCT_NAME = MyProfile;
				SDKROOT = iphoneos;
				SWIFT_VERSION = 5.0;
				TARGETED_DEVICE_FAMILY = "1,2";
				VALIDATE_PRODUCT = YES;
			};
			name = Release;
		};
		BF0EE8A824AE106800522E77 /* Debug */ = {
			isa = XCBuildConfiguration;
			buildSettings = {
				ASSETCATALOG_COMPILER_APPICON_NAME = AppIcon;
				ASSETCATALOG_COMPILER_GLOBAL_ACCENT_COLOR_NAME = AccentColor;
				CODE_SIGN_ENTITLEMENTS = macOS/macOS.entitlements;
				CODE_SIGN_STYLE = Automatic;
				COMBINE_HIDPI_IMAGES = YES;
				DEVELOPMENT_TEAM = KC8N9BMQJY;
				ENABLE_HARDENED_RUNTIME = YES;
				ENABLE_PREVIEWS = YES;
				INFOPLIST_FILE = macOS/Info.plist;
				LD_RUNPATH_SEARCH_PATHS = (
					"$(inherited)",
					"@executable_path/../Frameworks",
				);
				MACOSX_DEPLOYMENT_TARGET = 10.16;
				PRODUCT_BUNDLE_IDENTIFIER = net.crazism.MyProfile;
				PRODUCT_NAME = MyProfile;
				SDKROOT = macosx;
				SWIFT_VERSION = 5.0;
			};
			name = Debug;
		};
		BF0EE8A924AE106800522E77 /* Release */ = {
			isa = XCBuildConfiguration;
			buildSettings = {
				ASSETCATALOG_COMPILER_APPICON_NAME = AppIcon;
				ASSETCATALOG_COMPILER_GLOBAL_ACCENT_COLOR_NAME = AccentColor;
				CODE_SIGN_ENTITLEMENTS = macOS/macOS.entitlements;
				CODE_SIGN_STYLE = Automatic;
				COMBINE_HIDPI_IMAGES = YES;
				DEVELOPMENT_TEAM = KC8N9BMQJY;
				ENABLE_HARDENED_RUNTIME = YES;
				ENABLE_PREVIEWS = YES;
				INFOPLIST_FILE = macOS/Info.plist;
				LD_RUNPATH_SEARCH_PATHS = (
					"$(inherited)",
					"@executable_path/../Frameworks",
				);
				MACOSX_DEPLOYMENT_TARGET = 10.16;
				PRODUCT_BUNDLE_IDENTIFIER = net.crazism.MyProfile;
				PRODUCT_NAME = MyProfile;
				SDKROOT = macosx;
				SWIFT_VERSION = 5.0;
			};
			name = Release;
		};
		BF0EE8AB24AE106800522E77 /* Debug */ = {
			isa = XCBuildConfiguration;
			buildSettings = {
				ALWAYS_EMBED_SWIFT_STANDARD_LIBRARIES = YES;
				CODE_SIGN_STYLE = Automatic;
				DEVELOPMENT_TEAM = KC8N9BMQJY;
				INFOPLIST_FILE = "Tests iOS/Info.plist";
				IPHONEOS_DEPLOYMENT_TARGET = 14.0;
				LD_RUNPATH_SEARCH_PATHS = (
					"$(inherited)",
					"@executable_path/Frameworks",
					"@loader_path/Frameworks",
				);
				PRODUCT_BUNDLE_IDENTIFIER = "net.crazism.Tests-iOS";
				PRODUCT_NAME = "$(TARGET_NAME)";
				SDKROOT = iphoneos;
				SWIFT_VERSION = 5.0;
				TARGETED_DEVICE_FAMILY = "1,2";
				TEST_TARGET_NAME = iOS;
			};
			name = Debug;
		};
		BF0EE8AC24AE106800522E77 /* Release */ = {
			isa = XCBuildConfiguration;
			buildSettings = {
				ALWAYS_EMBED_SWIFT_STANDARD_LIBRARIES = YES;
				CODE_SIGN_STYLE = Automatic;
				DEVELOPMENT_TEAM = KC8N9BMQJY;
				INFOPLIST_FILE = "Tests iOS/Info.plist";
				IPHONEOS_DEPLOYMENT_TARGET = 14.0;
				LD_RUNPATH_SEARCH_PATHS = (
					"$(inherited)",
					"@executable_path/Frameworks",
					"@loader_path/Frameworks",
				);
				PRODUCT_BUNDLE_IDENTIFIER = "net.crazism.Tests-iOS";
				PRODUCT_NAME = "$(TARGET_NAME)";
				SDKROOT = iphoneos;
				SWIFT_VERSION = 5.0;
				TARGETED_DEVICE_FAMILY = "1,2";
				TEST_TARGET_NAME = iOS;
				VALIDATE_PRODUCT = YES;
			};
			name = Release;
		};
		BF0EE8AE24AE106800522E77 /* Debug */ = {
			isa = XCBuildConfiguration;
			buildSettings = {
				ALWAYS_EMBED_SWIFT_STANDARD_LIBRARIES = YES;
				CODE_SIGN_STYLE = Automatic;
				COMBINE_HIDPI_IMAGES = YES;
				DEVELOPMENT_TEAM = KC8N9BMQJY;
				INFOPLIST_FILE = "Tests macOS/Info.plist";
				LD_RUNPATH_SEARCH_PATHS = (
					"$(inherited)",
					"@executable_path/../Frameworks",
					"@loader_path/../Frameworks",
				);
				MACOSX_DEPLOYMENT_TARGET = 10.15;
				PRODUCT_BUNDLE_IDENTIFIER = "net.crazism.Tests-macOS";
				PRODUCT_NAME = "$(TARGET_NAME)";
				SDKROOT = macosx;
				SWIFT_VERSION = 5.0;
				TEST_TARGET_NAME = macOS;
			};
			name = Debug;
		};
		BF0EE8AF24AE106800522E77 /* Release */ = {
			isa = XCBuildConfiguration;
			buildSettings = {
				ALWAYS_EMBED_SWIFT_STANDARD_LIBRARIES = YES;
				CODE_SIGN_STYLE = Automatic;
				COMBINE_HIDPI_IMAGES = YES;
				DEVELOPMENT_TEAM = KC8N9BMQJY;
				INFOPLIST_FILE = "Tests macOS/Info.plist";
				LD_RUNPATH_SEARCH_PATHS = (
					"$(inherited)",
					"@executable_path/../Frameworks",
					"@loader_path/../Frameworks",
				);
				MACOSX_DEPLOYMENT_TARGET = 10.15;
				PRODUCT_BUNDLE_IDENTIFIER = "net.crazism.Tests-macOS";
				PRODUCT_NAME = "$(TARGET_NAME)";
				SDKROOT = macosx;
				SWIFT_VERSION = 5.0;
				TEST_TARGET_NAME = macOS;
			};
			name = Release;
		};
		BF0EE8D424AE165800522E77 /* Debug */ = {
			isa = XCBuildConfiguration;
			buildSettings = {
				BUNDLE_LOADER = "$(TEST_HOST)";
				CODE_SIGN_STYLE = Automatic;
				DEVELOPMENT_TEAM = KC8N9BMQJY;
				INFOPLIST_FILE = "UnitTests iOS/Info.plist";
				IPHONEOS_DEPLOYMENT_TARGET = 14.0;
				LD_RUNPATH_SEARCH_PATHS = (
					"$(inherited)",
					"@executable_path/Frameworks",
					"@loader_path/Frameworks",
				);
				PRODUCT_BUNDLE_IDENTIFIER = "net.crazism.UnitTests-iOS";
				PRODUCT_NAME = "$(TARGET_NAME)";
				SDKROOT = iphoneos;
				SWIFT_VERSION = 5.0;
				TARGETED_DEVICE_FAMILY = "1,2";
				TEST_HOST = "$(BUILT_PRODUCTS_DIR)/MyProfile.app/MyProfile";
			};
			name = Debug;
		};
		BF0EE8D524AE165800522E77 /* Release */ = {
			isa = XCBuildConfiguration;
			buildSettings = {
				BUNDLE_LOADER = "$(TEST_HOST)";
				CODE_SIGN_STYLE = Automatic;
				DEVELOPMENT_TEAM = KC8N9BMQJY;
				INFOPLIST_FILE = "UnitTests iOS/Info.plist";
				IPHONEOS_DEPLOYMENT_TARGET = 14.0;
				LD_RUNPATH_SEARCH_PATHS = (
					"$(inherited)",
					"@executable_path/Frameworks",
					"@loader_path/Frameworks",
				);
				PRODUCT_BUNDLE_IDENTIFIER = "net.crazism.UnitTests-iOS";
				PRODUCT_NAME = "$(TARGET_NAME)";
				SDKROOT = iphoneos;
				SWIFT_VERSION = 5.0;
				TARGETED_DEVICE_FAMILY = "1,2";
				TEST_HOST = "$(BUILT_PRODUCTS_DIR)/MyProfile.app/MyProfile";
				VALIDATE_PRODUCT = YES;
			};
			name = Release;
		};
		BF29D93D24AE696400E69A1B /* Debug */ = {
			isa = XCBuildConfiguration;
			buildSettings = {
				BUNDLE_LOADER = "$(TEST_HOST)";
				CODE_SIGN_STYLE = Automatic;
				COMBINE_HIDPI_IMAGES = YES;
				DEVELOPMENT_TEAM = KC8N9BMQJY;
				INFOPLIST_FILE = "UnitTests macOS/Info.plist";
				LD_RUNPATH_SEARCH_PATHS = (
					"$(inherited)",
					"@executable_path/../Frameworks",
					"@loader_path/../Frameworks",
				);
				MACOSX_DEPLOYMENT_TARGET = 10.15;
				PRODUCT_BUNDLE_IDENTIFIER = "net.crazism.UnitTests-macOS";
				PRODUCT_NAME = "$(TARGET_NAME)";
				SDKROOT = macosx;
				SWIFT_VERSION = 5.0;
				TEST_HOST = "$(BUILT_PRODUCTS_DIR)/MyProfile.app/Contents/MacOS/MyProfile";
			};
			name = Debug;
		};
		BF29D93E24AE696400E69A1B /* Release */ = {
			isa = XCBuildConfiguration;
			buildSettings = {
				BUNDLE_LOADER = "$(TEST_HOST)";
				CODE_SIGN_STYLE = Automatic;
				COMBINE_HIDPI_IMAGES = YES;
				DEVELOPMENT_TEAM = KC8N9BMQJY;
				INFOPLIST_FILE = "UnitTests macOS/Info.plist";
				LD_RUNPATH_SEARCH_PATHS = (
					"$(inherited)",
					"@executable_path/../Frameworks",
					"@loader_path/../Frameworks",
				);
				MACOSX_DEPLOYMENT_TARGET = 10.15;
				PRODUCT_BUNDLE_IDENTIFIER = "net.crazism.UnitTests-macOS";
				PRODUCT_NAME = "$(TARGET_NAME)";
				SDKROOT = macosx;
				SWIFT_VERSION = 5.0;
				TEST_HOST = "$(BUILT_PRODUCTS_DIR)/MyProfile.app/Contents/MacOS/MyProfile";
			};
			name = Release;
		};
/* End XCBuildConfiguration section */

/* Begin XCConfigurationList section */
		BF0EE87124AE106600522E77 /* Build configuration list for PBXProject "MyProfile" */ = {
			isa = XCConfigurationList;
			buildConfigurations = (
				BF0EE8A224AE106800522E77 /* Debug */,
				BF0EE8A324AE106800522E77 /* Release */,
			);
			defaultConfigurationIsVisible = 0;
			defaultConfigurationName = Release;
		};
		BF0EE8A424AE106800522E77 /* Build configuration list for PBXNativeTarget "iOS" */ = {
			isa = XCConfigurationList;
			buildConfigurations = (
				BF0EE8A524AE106800522E77 /* Debug */,
				BF0EE8A624AE106800522E77 /* Release */,
			);
			defaultConfigurationIsVisible = 0;
			defaultConfigurationName = Release;
		};
		BF0EE8A724AE106800522E77 /* Build configuration list for PBXNativeTarget "macOS" */ = {
			isa = XCConfigurationList;
			buildConfigurations = (
				BF0EE8A824AE106800522E77 /* Debug */,
				BF0EE8A924AE106800522E77 /* Release */,
			);
			defaultConfigurationIsVisible = 0;
			defaultConfigurationName = Release;
		};
		BF0EE8AA24AE106800522E77 /* Build configuration list for PBXNativeTarget "Tests iOS" */ = {
			isa = XCConfigurationList;
			buildConfigurations = (
				BF0EE8AB24AE106800522E77 /* Debug */,
				BF0EE8AC24AE106800522E77 /* Release */,
			);
			defaultConfigurationIsVisible = 0;
			defaultConfigurationName = Release;
		};
		BF0EE8AD24AE106800522E77 /* Build configuration list for PBXNativeTarget "Tests macOS" */ = {
			isa = XCConfigurationList;
			buildConfigurations = (
				BF0EE8AE24AE106800522E77 /* Debug */,
				BF0EE8AF24AE106800522E77 /* Release */,
			);
			defaultConfigurationIsVisible = 0;
			defaultConfigurationName = Release;
		};
		BF0EE8D324AE165800522E77 /* Build configuration list for PBXNativeTarget "UnitTests iOS" */ = {
			isa = XCConfigurationList;
			buildConfigurations = (
				BF0EE8D424AE165800522E77 /* Debug */,
				BF0EE8D524AE165800522E77 /* Release */,
			);
			defaultConfigurationIsVisible = 0;
			defaultConfigurationName = Release;
		};
		BF29D93F24AE696400E69A1B /* Build configuration list for PBXNativeTarget "UnitTests macOS" */ = {
			isa = XCConfigurationList;
			buildConfigurations = (
				BF29D93D24AE696400E69A1B /* Debug */,
				BF29D93E24AE696400E69A1B /* Release */,
			);
			defaultConfigurationIsVisible = 0;
			defaultConfigurationName = Release;
		};
/* End XCConfigurationList section */
	};
	rootObject = BF0EE86E24AE106600522E77 /* Project object */;
}
